// !$*UTF8*$!
{
	archiveVersion = 1;
	classes = {
	};
	objectVersion = 50;
	objects = {

/* Begin PBXBuildFile section */
		DEE4FDE9251149420001CA18 /* AppDelegate.swift in Sources */ = {isa = PBXBuildFile; fileRef = DEE4FDE8251149420001CA18 /* AppDelegate.swift */; };
		DEE4FDEB251149420001CA18 /* SceneDelegate.swift in Sources */ = {isa = PBXBuildFile; fileRef = DEE4FDEA251149420001CA18 /* SceneDelegate.swift */; };
		DEE4FDED251149420001CA18 /* AudioVC.swift in Sources */ = {isa = PBXBuildFile; fileRef = DEE4FDEC251149420001CA18 /* AudioVC.swift */; };
		DEE4FDF0251149420001CA18 /* Main.storyboard in Resources */ = {isa = PBXBuildFile; fileRef = DEE4FDEE251149420001CA18 /* Main.storyboard */; };
		DEE4FDF2251149430001CA18 /* Assets.xcassets in Resources */ = {isa = PBXBuildFile; fileRef = DEE4FDF1251149430001CA18 /* Assets.xcassets */; };
		DEE4FDF5251149430001CA18 /* LaunchScreen.storyboard in Resources */ = {isa = PBXBuildFile; fileRef = DEE4FDF3251149430001CA18 /* LaunchScreen.storyboard */; };
		DEE4FE00251149430001CA18 /* BackgroundServicesTests.swift in Sources */ = {isa = PBXBuildFile; fileRef = DEE4FDFF251149430001CA18 /* BackgroundServicesTests.swift */; };
		DEE4FE0B251149430001CA18 /* BackgroundServicesUITests.swift in Sources */ = {isa = PBXBuildFile; fileRef = DEE4FE0A251149430001CA18 /* BackgroundServicesUITests.swift */; };
		DEE4FE1925114CDD0001CA18 /* HomeVC.swift in Sources */ = {isa = PBXBuildFile; fileRef = DEE4FE1825114CDD0001CA18 /* HomeVC.swift */; };
		DEE4FE2025114F2A0001CA18 /* WhatYouWant.mp3 in Resources */ = {isa = PBXBuildFile; fileRef = DEE4FE1D25114F2A0001CA18 /* WhatYouWant.mp3 */; };
		DEE4FE2125114F2A0001CA18 /* FeelinGood.mp3 in Resources */ = {isa = PBXBuildFile; fileRef = DEE4FE1E25114F2A0001CA18 /* FeelinGood.mp3 */; };
		DEE4FE2225114F2A0001CA18 /* IronBacon.mp3 in Resources */ = {isa = PBXBuildFile; fileRef = DEE4FE1F25114F2A0001CA18 /* IronBacon.mp3 */; };
		DEE4FE24251154040001CA18 /* LocationVC.swift in Sources */ = {isa = PBXBuildFile; fileRef = DEE4FE23251154040001CA18 /* LocationVC.swift */; };
/* End PBXBuildFile section */

/* Begin PBXContainerItemProxy section */
		DEE4FDFC251149430001CA18 /* PBXContainerItemProxy */ = {
			isa = PBXContainerItemProxy;
			containerPortal = DEE4FDDD251149420001CA18 /* Project object */;
			proxyType = 1;
			remoteGlobalIDString = DEE4FDE4251149420001CA18;
			remoteInfo = BackgroundServices;
		};
		DEE4FE07251149430001CA18 /* PBXContainerItemProxy */ = {
			isa = PBXContainerItemProxy;
			containerPortal = DEE4FDDD251149420001CA18 /* Project object */;
			proxyType = 1;
			remoteGlobalIDString = DEE4FDE4251149420001CA18;
			remoteInfo = BackgroundServices;
		};
/* End PBXContainerItemProxy section */

/* Begin PBXFileReference section */
		DEE4FDE5251149420001CA18 /* BackgroundServices.app */ = {isa = PBXFileReference; explicitFileType = wrapper.application; includeInIndex = 0; path = BackgroundServices.app; sourceTree = BUILT_PRODUCTS_DIR; };
		DEE4FDE8251149420001CA18 /* AppDelegate.swift */ = {isa = PBXFileReference; lastKnownFileType = sourcecode.swift; path = AppDelegate.swift; sourceTree = "<group>"; };
		DEE4FDEA251149420001CA18 /* SceneDelegate.swift */ = {isa = PBXFileReference; lastKnownFileType = sourcecode.swift; path = SceneDelegate.swift; sourceTree = "<group>"; };
		DEE4FDEC251149420001CA18 /* AudioVC.swift */ = {isa = PBXFileReference; lastKnownFileType = sourcecode.swift; path = AudioVC.swift; sourceTree = "<group>"; };
		DEE4FDEF251149420001CA18 /* Base */ = {isa = PBXFileReference; lastKnownFileType = file.storyboard; name = Base; path = Base.lproj/Main.storyboard; sourceTree = "<group>"; };
		DEE4FDF1251149430001CA18 /* Assets.xcassets */ = {isa = PBXFileReference; lastKnownFileType = folder.assetcatalog; path = Assets.xcassets; sourceTree = "<group>"; };
		DEE4FDF4251149430001CA18 /* Base */ = {isa = PBXFileReference; lastKnownFileType = file.storyboard; name = Base; path = Base.lproj/LaunchScreen.storyboard; sourceTree = "<group>"; };
		DEE4FDF6251149430001CA18 /* Info.plist */ = {isa = PBXFileReference; lastKnownFileType = text.plist.xml; path = Info.plist; sourceTree = "<group>"; };
		DEE4FDFB251149430001CA18 /* BackgroundServicesTests.xctest */ = {isa = PBXFileReference; explicitFileType = wrapper.cfbundle; includeInIndex = 0; path = BackgroundServicesTests.xctest; sourceTree = BUILT_PRODUCTS_DIR; };
		DEE4FDFF251149430001CA18 /* BackgroundServicesTests.swift */ = {isa = PBXFileReference; lastKnownFileType = sourcecode.swift; path = BackgroundServicesTests.swift; sourceTree = "<group>"; };
		DEE4FE01251149430001CA18 /* Info.plist */ = {isa = PBXFileReference; lastKnownFileType = text.plist.xml; path = Info.plist; sourceTree = "<group>"; };
		DEE4FE06251149430001CA18 /* BackgroundServicesUITests.xctest */ = {isa = PBXFileReference; explicitFileType = wrapper.cfbundle; includeInIndex = 0; path = BackgroundServicesUITests.xctest; sourceTree = BUILT_PRODUCTS_DIR; };
		DEE4FE0A251149430001CA18 /* BackgroundServicesUITests.swift */ = {isa = PBXFileReference; lastKnownFileType = sourcecode.swift; path = BackgroundServicesUITests.swift; sourceTree = "<group>"; };
		DEE4FE0C251149440001CA18 /* Info.plist */ = {isa = PBXFileReference; lastKnownFileType = text.plist.xml; path = Info.plist; sourceTree = "<group>"; };
		DEE4FE1825114CDD0001CA18 /* HomeVC.swift */ = {isa = PBXFileReference; lastKnownFileType = sourcecode.swift; path = HomeVC.swift; sourceTree = "<group>"; };
		DEE4FE1D25114F2A0001CA18 /* WhatYouWant.mp3 */ = {isa = PBXFileReference; lastKnownFileType = audio.mp3; name = WhatYouWant.mp3; path = "BackgroundServices/Supporting Files/WhatYouWant.mp3"; sourceTree = SOURCE_ROOT; };
		DEE4FE1E25114F2A0001CA18 /* FeelinGood.mp3 */ = {isa = PBXFileReference; lastKnownFileType = audio.mp3; name = FeelinGood.mp3; path = "BackgroundServices/Supporting Files/FeelinGood.mp3"; sourceTree = SOURCE_ROOT; };
		DEE4FE1F25114F2A0001CA18 /* IronBacon.mp3 */ = {isa = PBXFileReference; lastKnownFileType = audio.mp3; name = IronBacon.mp3; path = "BackgroundServices/Supporting Files/IronBacon.mp3"; sourceTree = SOURCE_ROOT; };
		DEE4FE23251154040001CA18 /* LocationVC.swift */ = {isa = PBXFileReference; lastKnownFileType = sourcecode.swift; path = LocationVC.swift; sourceTree = "<group>"; };
/* End PBXFileReference section */

/* Begin PBXFrameworksBuildPhase section */
		DEE4FDE2251149420001CA18 /* Frameworks */ = {
			isa = PBXFrameworksBuildPhase;
			buildActionMask = 2147483647;
			files = (
			);
			runOnlyForDeploymentPostprocessing = 0;
		};
		DEE4FDF8251149430001CA18 /* Frameworks */ = {
			isa = PBXFrameworksBuildPhase;
			buildActionMask = 2147483647;
			files = (
			);
			runOnlyForDeploymentPostprocessing = 0;
		};
		DEE4FE03251149430001CA18 /* Frameworks */ = {
			isa = PBXFrameworksBuildPhase;
			buildActionMask = 2147483647;
			files = (
			);
			runOnlyForDeploymentPostprocessing = 0;
		};
/* End PBXFrameworksBuildPhase section */

/* Begin PBXGroup section */
		DEE4FDDC251149420001CA18 = {
			isa = PBXGroup;
			children = (
				DEE4FDE7251149420001CA18 /* BackgroundServices */,
				DEE4FE1C25114F0D0001CA18 /* Resources */,
				DEE4FDFE251149430001CA18 /* BackgroundServicesTests */,
				DEE4FE09251149430001CA18 /* BackgroundServicesUITests */,
				DEE4FDE6251149420001CA18 /* Products */,
			);
			sourceTree = "<group>";
		};
		DEE4FDE6251149420001CA18 /* Products */ = {
			isa = PBXGroup;
			children = (
				DEE4FDE5251149420001CA18 /* BackgroundServices.app */,
				DEE4FDFB251149430001CA18 /* BackgroundServicesTests.xctest */,
				DEE4FE06251149430001CA18 /* BackgroundServicesUITests.xctest */,
			);
			name = Products;
			sourceTree = "<group>";
		};
		DEE4FDE7251149420001CA18 /* BackgroundServices */ = {
			isa = PBXGroup;
			children = (
				DEE4FDE8251149420001CA18 /* AppDelegate.swift */,
				DEE4FDEA251149420001CA18 /* SceneDelegate.swift */,
				DEE4FDEC251149420001CA18 /* AudioVC.swift */,
				DEE4FE1825114CDD0001CA18 /* HomeVC.swift */,
				DEE4FE23251154040001CA18 /* LocationVC.swift */,
				DEE4FDEE251149420001CA18 /* Main.storyboard */,
				DEE4FDF1251149430001CA18 /* Assets.xcassets */,
				DEE4FDF3251149430001CA18 /* LaunchScreen.storyboard */,
				DEE4FDF6251149430001CA18 /* Info.plist */,
			);
			path = BackgroundServices;
			sourceTree = "<group>";
		};
		DEE4FDFE251149430001CA18 /* BackgroundServicesTests */ = {
			isa = PBXGroup;
			children = (
				DEE4FDFF251149430001CA18 /* BackgroundServicesTests.swift */,
				DEE4FE01251149430001CA18 /* Info.plist */,
			);
			path = BackgroundServicesTests;
			sourceTree = "<group>";
		};
		DEE4FE09251149430001CA18 /* BackgroundServicesUITests */ = {
			isa = PBXGroup;
			children = (
				DEE4FE0A251149430001CA18 /* BackgroundServicesUITests.swift */,
				DEE4FE0C251149440001CA18 /* Info.plist */,
			);
			path = BackgroundServicesUITests;
			sourceTree = "<group>";
		};
		DEE4FE1C25114F0D0001CA18 /* Resources */ = {
			isa = PBXGroup;
			children = (
				DEE4FE1E25114F2A0001CA18 /* FeelinGood.mp3 */,
				DEE4FE1F25114F2A0001CA18 /* IronBacon.mp3 */,
				DEE4FE1D25114F2A0001CA18 /* WhatYouWant.mp3 */,
			);
			path = Resources;
			sourceTree = "<group>";
		};
/* End PBXGroup section */

/* Begin PBXNativeTarget section */
		DEE4FDE4251149420001CA18 /* BackgroundServices */ = {
			isa = PBXNativeTarget;
			buildConfigurationList = DEE4FE0F251149440001CA18 /* Build configuration list for PBXNativeTarget "BackgroundServices" */;
			buildPhases = (
				DEE4FDE1251149420001CA18 /* Sources */,
				DEE4FDE2251149420001CA18 /* Frameworks */,
				DEE4FDE3251149420001CA18 /* Resources */,
			);
			buildRules = (
			);
			dependencies = (
			);
			name = BackgroundServices;
			productName = BackgroundServices;
			productReference = DEE4FDE5251149420001CA18 /* BackgroundServices.app */;
			productType = "com.apple.product-type.application";
		};
		DEE4FDFA251149430001CA18 /* BackgroundServicesTests */ = {
			isa = PBXNativeTarget;
			buildConfigurationList = DEE4FE12251149440001CA18 /* Build configuration list for PBXNativeTarget "BackgroundServicesTests" */;
			buildPhases = (
				DEE4FDF7251149430001CA18 /* Sources */,
				DEE4FDF8251149430001CA18 /* Frameworks */,
				DEE4FDF9251149430001CA18 /* Resources */,
			);
			buildRules = (
			);
			dependencies = (
				DEE4FDFD251149430001CA18 /* PBXTargetDependency */,
			);
			name = BackgroundServicesTests;
			productName = BackgroundServicesTests;
			productReference = DEE4FDFB251149430001CA18 /* BackgroundServicesTests.xctest */;
			productType = "com.apple.product-type.bundle.unit-test";
		};
		DEE4FE05251149430001CA18 /* BackgroundServicesUITests */ = {
			isa = PBXNativeTarget;
			buildConfigurationList = DEE4FE15251149440001CA18 /* Build configuration list for PBXNativeTarget "BackgroundServicesUITests" */;
			buildPhases = (
				DEE4FE02251149430001CA18 /* Sources */,
				DEE4FE03251149430001CA18 /* Frameworks */,
				DEE4FE04251149430001CA18 /* Resources */,
			);
			buildRules = (
			);
			dependencies = (
				DEE4FE08251149430001CA18 /* PBXTargetDependency */,
			);
			name = BackgroundServicesUITests;
			productName = BackgroundServicesUITests;
			productReference = DEE4FE06251149430001CA18 /* BackgroundServicesUITests.xctest */;
			productType = "com.apple.product-type.bundle.ui-testing";
		};
/* End PBXNativeTarget section */

/* Begin PBXProject section */
		DEE4FDDD251149420001CA18 /* Project object */ = {
			isa = PBXProject;
			attributes = {
				LastSwiftUpdateCheck = 1170;
				LastUpgradeCheck = 1170;
				ORGANIZATIONNAME = craftycoders.io;
				TargetAttributes = {
					DEE4FDE4251149420001CA18 = {
						CreatedOnToolsVersion = 11.7;
					};
					DEE4FDFA251149430001CA18 = {
						CreatedOnToolsVersion = 11.7;
						TestTargetID = DEE4FDE4251149420001CA18;
					};
					DEE4FE05251149430001CA18 = {
						CreatedOnToolsVersion = 11.7;
						TestTargetID = DEE4FDE4251149420001CA18;
					};
				};
			};
			buildConfigurationList = DEE4FDE0251149420001CA18 /* Build configuration list for PBXProject "BackgroundServices" */;
			compatibilityVersion = "Xcode 9.3";
			developmentRegion = en;
			hasScannedForEncodings = 0;
			knownRegions = (
				en,
				Base,
			);
			mainGroup = DEE4FDDC251149420001CA18;
			productRefGroup = DEE4FDE6251149420001CA18 /* Products */;
			projectDirPath = "";
			projectRoot = "";
			targets = (
				DEE4FDE4251149420001CA18 /* BackgroundServices */,
				DEE4FDFA251149430001CA18 /* BackgroundServicesTests */,
				DEE4FE05251149430001CA18 /* BackgroundServicesUITests */,
			);
		};
/* End PBXProject section */

/* Begin PBXResourcesBuildPhase section */
		DEE4FDE3251149420001CA18 /* Resources */ = {
			isa = PBXResourcesBuildPhase;
			buildActionMask = 2147483647;
			files = (
				DEE4FE2025114F2A0001CA18 /* WhatYouWant.mp3 in Resources */,
				DEE4FDF5251149430001CA18 /* LaunchScreen.storyboard in Resources */,
				DEE4FE2125114F2A0001CA18 /* FeelinGood.mp3 in Resources */,
				DEE4FDF2251149430001CA18 /* Assets.xcassets in Resources */,
				DEE4FE2225114F2A0001CA18 /* IronBacon.mp3 in Resources */,
				DEE4FDF0251149420001CA18 /* Main.storyboard in Resources */,
			);
			runOnlyForDeploymentPostprocessing = 0;
		};
		DEE4FDF9251149430001CA18 /* Resources */ = {
			isa = PBXResourcesBuildPhase;
			buildActionMask = 2147483647;
			files = (
			);
			runOnlyForDeploymentPostprocessing = 0;
		};
		DEE4FE04251149430001CA18 /* Resources */ = {
			isa = PBXResourcesBuildPhase;
			buildActionMask = 2147483647;
			files = (
			);
			runOnlyForDeploymentPostprocessing = 0;
		};
/* End PBXResourcesBuildPhase section */

/* Begin PBXSourcesBuildPhase section */
		DEE4FDE1251149420001CA18 /* Sources */ = {
			isa = PBXSourcesBuildPhase;
			buildActionMask = 2147483647;
			files = (
				DEE4FE24251154040001CA18 /* LocationVC.swift in Sources */,
				DEE4FDED251149420001CA18 /* AudioVC.swift in Sources */,
				DEE4FE1925114CDD0001CA18 /* HomeVC.swift in Sources */,
				DEE4FDE9251149420001CA18 /* AppDelegate.swift in Sources */,
				DEE4FDEB251149420001CA18 /* SceneDelegate.swift in Sources */,
			);
			runOnlyForDeploymentPostprocessing = 0;
		};
		DEE4FDF7251149430001CA18 /* Sources */ = {
			isa = PBXSourcesBuildPhase;
			buildActionMask = 2147483647;
			files = (
				DEE4FE00251149430001CA18 /* BackgroundServicesTests.swift in Sources */,
			);
			runOnlyForDeploymentPostprocessing = 0;
		};
		DEE4FE02251149430001CA18 /* Sources */ = {
			isa = PBXSourcesBuildPhase;
			buildActionMask = 2147483647;
			files = (
				DEE4FE0B251149430001CA18 /* BackgroundServicesUITests.swift in Sources */,
			);
			runOnlyForDeploymentPostprocessing = 0;
		};
/* End PBXSourcesBuildPhase section */

/* Begin PBXTargetDependency section */
		DEE4FDFD251149430001CA18 /* PBXTargetDependency */ = {
			isa = PBXTargetDependency;
			target = DEE4FDE4251149420001CA18 /* BackgroundServices */;
			targetProxy = DEE4FDFC251149430001CA18 /* PBXContainerItemProxy */;
		};
		DEE4FE08251149430001CA18 /* PBXTargetDependency */ = {
			isa = PBXTargetDependency;
			target = DEE4FDE4251149420001CA18 /* BackgroundServices */;
			targetProxy = DEE4FE07251149430001CA18 /* PBXContainerItemProxy */;
		};
/* End PBXTargetDependency section */

/* Begin PBXVariantGroup section */
		DEE4FDEE251149420001CA18 /* Main.storyboard */ = {
			isa = PBXVariantGroup;
			children = (
				DEE4FDEF251149420001CA18 /* Base */,
			);
			name = Main.storyboard;
			sourceTree = "<group>";
		};
		DEE4FDF3251149430001CA18 /* LaunchScreen.storyboard */ = {
			isa = PBXVariantGroup;
			children = (
				DEE4FDF4251149430001CA18 /* Base */,
			);
			name = LaunchScreen.storyboard;
			sourceTree = "<group>";
		};
/* End PBXVariantGroup section */

/* Begin XCBuildConfiguration section */
		DEE4FE0D251149440001CA18 /* Debug */ = {
			isa = XCBuildConfiguration;
			buildSettings = {
				ALWAYS_SEARCH_USER_PATHS = NO;
				CLANG_ANALYZER_NONNULL = YES;
				CLANG_ANALYZER_NUMBER_OBJECT_CONVERSION = YES_AGGRESSIVE;
				CLANG_CXX_LANGUAGE_STANDARD = "gnu++14";
				CLANG_CXX_LIBRARY = "libc++";
				CLANG_ENABLE_MODULES = YES;
				CLANG_ENABLE_OBJC_ARC = YES;
				CLANG_ENABLE_OBJC_WEAK = YES;
				CLANG_WARN_BLOCK_CAPTURE_AUTORELEASING = YES;
				CLANG_WARN_BOOL_CONVERSION = YES;
				CLANG_WARN_COMMA = YES;
				CLANG_WARN_CONSTANT_CONVERSION = YES;
				CLANG_WARN_DEPRECATED_OBJC_IMPLEMENTATIONS = YES;
				CLANG_WARN_DIRECT_OBJC_ISA_USAGE = YES_ERROR;
				CLANG_WARN_DOCUMENTATION_COMMENTS = YES;
				CLANG_WARN_EMPTY_BODY = YES;
				CLANG_WARN_ENUM_CONVERSION = YES;
				CLANG_WARN_INFINITE_RECURSION = YES;
				CLANG_WARN_INT_CONVERSION = YES;
				CLANG_WARN_NON_LITERAL_NULL_CONVERSION = YES;
				CLANG_WARN_OBJC_IMPLICIT_RETAIN_SELF = YES;
				CLANG_WARN_OBJC_LITERAL_CONVERSION = YES;
				CLANG_WARN_OBJC_ROOT_CLASS = YES_ERROR;
				CLANG_WARN_RANGE_LOOP_ANALYSIS = YES;
				CLANG_WARN_STRICT_PROTOTYPES = YES;
				CLANG_WARN_SUSPICIOUS_MOVE = YES;
				CLANG_WARN_UNGUARDED_AVAILABILITY = YES_AGGRESSIVE;
				CLANG_WARN_UNREACHABLE_CODE = YES;
				CLANG_WARN__DUPLICATE_METHOD_MATCH = YES;
				COPY_PHASE_STRIP = NO;
				DEBUG_INFORMATION_FORMAT = dwarf;
				ENABLE_STRICT_OBJC_MSGSEND = YES;
				ENABLE_TESTABILITY = YES;
				GCC_C_LANGUAGE_STANDARD = gnu11;
				GCC_DYNAMIC_NO_PIC = NO;
				GCC_NO_COMMON_BLOCKS = YES;
				GCC_OPTIMIZATION_LEVEL = 0;
				GCC_PREPROCESSOR_DEFINITIONS = (
					"DEBUG=1",
					"$(inherited)",
				);
				GCC_WARN_64_TO_32_BIT_CONVERSION = YES;
				GCC_WARN_ABOUT_RETURN_TYPE = YES_ERROR;
				GCC_WARN_UNDECLARED_SELECTOR = YES;
				GCC_WARN_UNINITIALIZED_AUTOS = YES_AGGRESSIVE;
				GCC_WARN_UNUSED_FUNCTION = YES;
				GCC_WARN_UNUSED_VARIABLE = YES;
				IPHONEOS_DEPLOYMENT_TARGET = 13.7;
				MTL_ENABLE_DEBUG_INFO = INCLUDE_SOURCE;
				MTL_FAST_MATH = YES;
				ONLY_ACTIVE_ARCH = YES;
				SDKROOT = iphoneos;
				SWIFT_ACTIVE_COMPILATION_CONDITIONS = DEBUG;
				SWIFT_OPTIMIZATION_LEVEL = "-Onone";
			};
			name = Debug;
		};
		DEE4FE0E251149440001CA18 /* Release */ = {
			isa = XCBuildConfiguration;
			buildSettings = {
				ALWAYS_SEARCH_USER_PATHS = NO;
				CLANG_ANALYZER_NONNULL = YES;
				CLANG_ANALYZER_NUMBER_OBJECT_CONVERSION = YES_AGGRESSIVE;
				CLANG_CXX_LANGUAGE_STANDARD = "gnu++14";
				CLANG_CXX_LIBRARY = "libc++";
				CLANG_ENABLE_MODULES = YES;
				CLANG_ENABLE_OBJC_ARC = YES;
				CLANG_ENABLE_OBJC_WEAK = YES;
				CLANG_WARN_BLOCK_CAPTURE_AUTORELEASING = YES;
				CLANG_WARN_BOOL_CONVERSION = YES;
				CLANG_WARN_COMMA = YES;
				CLANG_WARN_CONSTANT_CONVERSION = YES;
				CLANG_WARN_DEPRECATED_OBJC_IMPLEMENTATIONS = YES;
				CLANG_WARN_DIRECT_OBJC_ISA_USAGE = YES_ERROR;
				CLANG_WARN_DOCUMENTATION_COMMENTS = YES;
				CLANG_WARN_EMPTY_BODY = YES;
				CLANG_WARN_ENUM_CONVERSION = YES;
				CLANG_WARN_INFINITE_RECURSION = YES;
				CLANG_WARN_INT_CONVERSION = YES;
				CLANG_WARN_NON_LITERAL_NULL_CONVERSION = YES;
				CLANG_WARN_OBJC_IMPLICIT_RETAIN_SELF = YES;
				CLANG_WARN_OBJC_LITERAL_CONVERSION = YES;
				CLANG_WARN_OBJC_ROOT_CLASS = YES_ERROR;
				CLANG_WARN_RANGE_LOOP_ANALYSIS = YES;
				CLANG_WARN_STRICT_PROTOTYPES = YES;
				CLANG_WARN_SUSPICIOUS_MOVE = YES;
				CLANG_WARN_UNGUARDED_AVAILABILITY = YES_AGGRESSIVE;
				CLANG_WARN_UNREACHABLE_CODE = YES;
				CLANG_WARN__DUPLICATE_METHOD_MATCH = YES;
				COPY_PHASE_STRIP = NO;
				DEBUG_INFORMATION_FORMAT = "dwarf-with-dsym";
				ENABLE_NS_ASSERTIONS = NO;
				ENABLE_STRICT_OBJC_MSGSEND = YES;
				GCC_C_LANGUAGE_STANDARD = gnu11;
				GCC_NO_COMMON_BLOCKS = YES;
				GCC_WARN_64_TO_32_BIT_CONVERSION = YES;
				GCC_WARN_ABOUT_RETURN_TYPE = YES_ERROR;
				GCC_WARN_UNDECLARED_SELECTOR = YES;
				GCC_WARN_UNINITIALIZED_AUTOS = YES_AGGRESSIVE;
				GCC_WARN_UNUSED_FUNCTION = YES;
				GCC_WARN_UNUSED_VARIABLE = YES;
				IPHONEOS_DEPLOYMENT_TARGET = 13.7;
				MTL_ENABLE_DEBUG_INFO = NO;
				MTL_FAST_MATH = YES;
				SDKROOT = iphoneos;
				SWIFT_COMPILATION_MODE = wholemodule;
				SWIFT_OPTIMIZATION_LEVEL = "-O";
				VALIDATE_PRODUCT = YES;
			};
			name = Release;
		};
		DEE4FE10251149440001CA18 /* Debug */ = {
			isa = XCBuildConfiguration;
			buildSettings = {
				ASSETCATALOG_COMPILER_APPICON_NAME = AppIcon;
				CODE_SIGN_STYLE = Automatic;
				DEVELOPMENT_TEAM = H27XDZ2QBG;
				INFOPLIST_FILE = BackgroundServices/Info.plist;
				LD_RUNPATH_SEARCH_PATHS = (
					"$(inherited)",
					"@executable_path/Frameworks",
				);
				PRODUCT_BUNDLE_IDENTIFIER = craftycoders.io.BackgroundServices;
				PRODUCT_NAME = "$(TARGET_NAME)";
				SWIFT_VERSION = 5.0;
				TARGETED_DEVICE_FAMILY = "1,2";
			};
			name = Debug;
		};
		DEE4FE11251149440001CA18 /* Release */ = {
			isa = XCBuildConfiguration;
			buildSettings = {
				ASSETCATALOG_COMPILER_APPICON_NAME = AppIcon;
				CODE_SIGN_STYLE = Automatic;
				DEVELOPMENT_TEAM = H27XDZ2QBG;
				INFOPLIST_FILE = BackgroundServices/Info.plist;
				LD_RUNPATH_SEARCH_PATHS = (
					"$(inherited)",
					"@executable_path/Frameworks",
				);
				PRODUCT_BUNDLE_IDENTIFIER = craftycoders.io.BackgroundServices;
				PRODUCT_NAME = "$(TARGET_NAME)";
				SWIFT_VERSION = 5.0;
				TARGETED_DEVICE_FAMILY = "1,2";
			};
			name = Release;
		};
		DEE4FE13251149440001CA18 /* Debug */ = {
			isa = XCBuildConfiguration;
			buildSettings = {
				ALWAYS_EMBED_SWIFT_STANDARD_LIBRARIES = YES;
				BUNDLE_LOADER = "$(TEST_HOST)";
				CODE_SIGN_STYLE = Automatic;
				DEVELOPMENT_TEAM = H27XDZ2QBG;
				INFOPLIST_FILE = BackgroundServicesTests/Info.plist;
				IPHONEOS_DEPLOYMENT_TARGET = 13.7;
				LD_RUNPATH_SEARCH_PATHS = (
					"$(inherited)",
					"@executable_path/Frameworks",
					"@loader_path/Frameworks",
				);
				PRODUCT_BUNDLE_IDENTIFIER = craftycoders.io.BackgroundServicesTests;
				PRODUCT_NAME = "$(TARGET_NAME)";
				SWIFT_VERSION = 5.0;
				TARGETED_DEVICE_FAMILY = "1,2";
				TEST_HOST = "$(BUILT_PRODUCTS_DIR)/BackgroundServices.app/BackgroundServices";
			};
			name = Debug;
		};
		DEE4FE14251149440001CA18 /* Release */ = {
			isa = XCBuildConfiguration;
			buildSettings = {
				ALWAYS_EMBED_SWIFT_STANDARD_LIBRARIES = YES;
				BUNDLE_LOADER = "$(TEST_HOST)";
				CODE_SIGN_STYLE = Automatic;
				DEVELOPMENT_TEAM = H27XDZ2QBG;
				INFOPLIST_FILE = BackgroundServicesTests/Info.plist;
				IPHONEOS_DEPLOYMENT_TARGET = 13.7;
				LD_RUNPATH_SEARCH_PATHS = (
					"$(inherited)",
					"@executable_path/Frameworks",
					"@loader_path/Frameworks",
				);
				PRODUCT_BUNDLE_IDENTIFIER = craftycoders.io.BackgroundServicesTests;
				PRODUCT_NAME = "$(TARGET_NAME)";
				SWIFT_VERSION = 5.0;
				TARGETED_DEVICE_FAMILY = "1,2";
				TEST_HOST = "$(BUILT_PRODUCTS_DIR)/BackgroundServices.app/BackgroundServices";
			};
			name = Release;
		};
		DEE4FE16251149440001CA18 /* Debug */ = {
			isa = XCBuildConfiguration;
			buildSettings = {
				ALWAYS_EMBED_SWIFT_STANDARD_LIBRARIES = YES;
				CODE_SIGN_STYLE = Automatic;
				DEVELOPMENT_TEAM = H27XDZ2QBG;
				INFOPLIST_FILE = BackgroundServicesUITests/Info.plist;
				LD_RUNPATH_SEARCH_PATHS = (
					"$(inherited)",
					"@executable_path/Frameworks",
					"@loader_path/Frameworks",
				);
				PRODUCT_BUNDLE_IDENTIFIER = craftycoders.io.BackgroundServicesUITests;
				PRODUCT_NAME = "$(TARGET_NAME)";
				SWIFT_VERSION = 5.0;
				TARGETED_DEVICE_FAMILY = "1,2";
				TEST_TARGET_NAME = BackgroundServices;
			};
			name = Debug;
		};
		DEE4FE17251149440001CA18 /* Release */ = {
			isa = XCBuildConfiguration;
			buildSettings = {
				ALWAYS_EMBED_SWIFT_STANDARD_LIBRARIES = YES;
				CODE_SIGN_STYLE = Automatic;
				DEVELOPMENT_TEAM = H27XDZ2QBG;
				INFOPLIST_FILE = BackgroundServicesUITests/Info.plist;
				LD_RUNPATH_SEARCH_PATHS = (
					"$(inherited)",
					"@executable_path/Frameworks",
					"@loader_path/Frameworks",
				);
				PRODUCT_BUNDLE_IDENTIFIER = craftycoders.io.BackgroundServicesUITests;
				PRODUCT_NAME = "$(TARGET_NAME)";
				SWIFT_VERSION = 5.0;
				TARGETED_DEVICE_FAMILY = "1,2";
				TEST_TARGET_NAME = BackgroundServices;
			};
			name = Release;
		};
/* End XCBuildConfiguration section */

/* Begin XCConfigurationList section */
		DEE4FDE0251149420001CA18 /* Build configuration list for PBXProject "BackgroundServices" */ = {
			isa = XCConfigurationList;
			buildConfigurations = (
				DEE4FE0D251149440001CA18 /* Debug */,
				DEE4FE0E251149440001CA18 /* Release */,
			);
			defaultConfigurationIsVisible = 0;
			defaultConfigurationName = Release;
		};
		DEE4FE0F251149440001CA18 /* Build configuration list for PBXNativeTarget "BackgroundServices" */ = {
			isa = XCConfigurationList;
			buildConfigurations = (
				DEE4FE10251149440001CA18 /* Debug */,
				DEE4FE11251149440001CA18 /* Release */,
			);
			defaultConfigurationIsVisible = 0;
			defaultConfigurationName = Release;
		};
		DEE4FE12251149440001CA18 /* Build configuration list for PBXNativeTarget "BackgroundServicesTests" */ = {
			isa = XCConfigurationList;
			buildConfigurations = (
				DEE4FE13251149440001CA18 /* Debug */,
				DEE4FE14251149440001CA18 /* Release */,
			);
			defaultConfigurationIsVisible = 0;
			defaultConfigurationName = Release;
		};
		DEE4FE15251149440001CA18 /* Build configuration list for PBXNativeTarget "BackgroundServicesUITests" */ = {
			isa = XCConfigurationList;
			buildConfigurations = (
				DEE4FE16251149440001CA18 /* Debug */,
				DEE4FE17251149440001CA18 /* Release */,
			);
			defaultConfigurationIsVisible = 0;
			defaultConfigurationName = Release;
		};
/* End XCConfigurationList section */
	};
	rootObject = DEE4FDDD251149420001CA18 /* Project object */;
}
